
Microsoft Visual Studio Solution File, Format Version 12.00
# Visual Studio Version 17
VisualStudioVersion = 17.11.35219.272
MinimumVisualStudioVersion = 10.0.40219.1
Project("{9A19103F-16F7-4668-BE54-9A1E7A4F7556}") = "DesafioFundamentos", "DesafioFundamentos.csproj", "{86900920-40BB-4B54-AE48-5C87F270EAA3}"
EndProject
Global
	GlobalSection(SolutionConfigurationPlatforms) = preSolution
		Debug|Any CPU = Debug|Any CPU
		Release|Any CPU = Release|Any CPU
	EndGlobalSection
	GlobalSection(ProjectConfigurationPlatforms) = postSolution
		{86900920-40BB-4B54-AE48-5C87F270EAA3}.Debug|Any CPU.ActiveCfg = Debug|Any CPU
		{86900920-40BB-4B54-AE48-5C87F270EAA3}.Debug|Any CPU.Build.0 = Debug|Any CPU
		{86900920-40BB-4B54-AE48-5C87F270EAA3}.Release|Any CPU.ActiveCfg = Release|Any CPU
		{86900920-40BB-4B54-AE48-5C87F270EAA3}.Release|Any CPU.Build.0 = Release|Any CPU
	EndGlobalSection
	GlobalSection(SolutionProperties) = preSolution
		HideSolutionNode = FALSE
	EndGlobalSection
	GlobalSection(ExtensibilityGlobals) = postSolution
		SolutionGuid = {CE2ED2A7-1932-4CC1-9F48-529ADB728F6C}
	EndGlobalSection
EndGlobal
